// !$*UTF8*$!
{
	archiveVersion = 1;
	classes = {
	};
	objectVersion = 46;
	objects = {

/* Begin PBXBuildFile section */
		4A323DA416AD9BC80006EBAA /* libsystemc-2.3.0.dylib in Frameworks */ = {isa = PBXBuildFile; fileRef = 4A323DA316AD9BC80006EBAA /* libsystemc-2.3.0.dylib */; };
		4A323DAA16B298560006EBAA /* Makefile in Sources */ = {isa = PBXBuildFile; fileRef = 4A323DA916B298560006EBAA /* Makefile */; };
		4AA1ED0016B6C0B900FEB432 /* plotfile.p in Sources */ = {isa = PBXBuildFile; fileRef = 4AA1ECFF16B6C0B900FEB432 /* plotfile.p */; };
		4AB1E3FE169D92EF00D1395A /* main.cpp in Sources */ = {isa = PBXBuildFile; fileRef = 4AB1E3FD169D92EF00D1395A /* main.cpp */; };
		4AB1E400169D92EF00D1395A /* SystemCTest.1 in CopyFiles */ = {isa = PBXBuildFile; fileRef = 4AB1E3FF169D92EF00D1395A /* SystemCTest.1 */; };
/* End PBXBuildFile section */

/* Begin PBXCopyFilesBuildPhase section */
		4AB1E3F7169D92EF00D1395A /* CopyFiles */ = {
			isa = PBXCopyFilesBuildPhase;
			buildActionMask = 2147483647;
			dstPath = /usr/share/man/man1/;
			dstSubfolderSpec = 0;
			files = (
				4AB1E400169D92EF00D1395A /* SystemCTest.1 in CopyFiles */,
			);
			runOnlyForDeploymentPostprocessing = 1;
		};
/* End PBXCopyFilesBuildPhase section */

/* Begin PBXFileReference section */
		4A323DA316AD9BC80006EBAA /* libsystemc-2.3.0.dylib */ = {isa = PBXFileReference; lastKnownFileType = "compiled.mach-o.dylib"; name = "libsystemc-2.3.0.dylib"; path = "../../../../../../usr/local/lib/libsystemc-2.3.0.dylib"; sourceTree = "<group>"; };
		4A323DA916B298560006EBAA /* Makefile */ = {isa = PBXFileReference; fileEncoding = 4; lastKnownFileType = sourcecode.make; path = Makefile; sourceTree = "<group>"; };
		4A380BEB16AD79A7003A9235 /* Environment.h */ = {isa = PBXFileReference; lastKnownFileType = sourcecode.c.h; path = Environment.h; sourceTree = "<group>"; };
		4A7EA86B16AD57DE00B06672 /* Ampel4.h */ = {isa = PBXFileReference; lastKnownFileType = sourcecode.c.h; path = Ampel4.h; sourceTree = "<group>"; };
		4A916DE616AB406A00D1D349 /* Ampel2.h */ = {isa = PBXFileReference; lastKnownFileType = sourcecode.c.h; path = Ampel2.h; sourceTree = "<group>"; };
		4A91E13516A94FFB00A6C167 /* Ampel3.h */ = {isa = PBXFileReference; lastKnownFileType = sourcecode.c.h; path = Ampel3.h; sourceTree = "<group>"; };
		4AA1ECFF16B6C0B900FEB432 /* plotfile.p */ = {isa = PBXFileReference; fileEncoding = 4; lastKnownFileType = sourcecode.pascal; path = plotfile.p; sourceTree = "<group>"; };
		4AA705C616AE8C170077377D /* Tramsignal.h */ = {isa = PBXFileReference; lastKnownFileType = sourcecode.c.h; path = Tramsignal.h; sourceTree = "<group>"; };
		4AA705C816AE9D6E0077377D /* RoterPfeil.h */ = {isa = PBXFileReference; lastKnownFileType = sourcecode.c.h; path = RoterPfeil.h; sourceTree = "<group>"; };
		4AB1E3F9169D92EF00D1395A /* SystemCTest */ = {isa = PBXFileReference; explicitFileType = "compiled.mach-o.executable"; includeInIndex = 0; path = SystemCTest; sourceTree = BUILT_PRODUCTS_DIR; };
		4AB1E3FD169D92EF00D1395A /* main.cpp */ = {isa = PBXFileReference; lastKnownFileType = sourcecode.cpp.cpp; path = main.cpp; sourceTree = "<group>"; };
		4AB1E3FF169D92EF00D1395A /* SystemCTest.1 */ = {isa = PBXFileReference; lastKnownFileType = text.man; path = SystemCTest.1; sourceTree = "<group>"; };
		4AB1E40E16A6D99400D1395A /* Ampel1.h */ = {isa = PBXFileReference; lastKnownFileType = sourcecode.c.h; path = Ampel1.h; sourceTree = "<group>"; xcLanguageSpecificationIdentifier = xcode.lang.cpp; };
		4AB1E40F16A6DB9000D1395A /* defines.h */ = {isa = PBXFileReference; lastKnownFileType = sourcecode.c.h; path = defines.h; sourceTree = "<group>"; };
/* End PBXFileReference section */

/* Begin PBXFrameworksBuildPhase section */
		4AB1E3F6169D92EF00D1395A /* Frameworks */ = {
			isa = PBXFrameworksBuildPhase;
			buildActionMask = 2147483647;
			files = (
				4A323DA416AD9BC80006EBAA /* libsystemc-2.3.0.dylib in Frameworks */,
			);
			runOnlyForDeploymentPostprocessing = 0;
		};
/* End PBXFrameworksBuildPhase section */

/* Begin PBXGroup section */
		4AB1E3EE169D92EF00D1395A = {
			isa = PBXGroup;
			children = (
				4A323DA316AD9BC80006EBAA /* libsystemc-2.3.0.dylib */,
				4AB1E3FC169D92EF00D1395A /* SystemCTest */,
				4AB1E3FA169D92EF00D1395A /* Products */,
			);
			sourceTree = "<group>";
		};
		4AB1E3FA169D92EF00D1395A /* Products */ = {
			isa = PBXGroup;
			children = (
				4AB1E3F9169D92EF00D1395A /* SystemCTest */,
			);
			name = Products;
			sourceTree = "<group>";
		};
		4AB1E3FC169D92EF00D1395A /* SystemCTest */ = {
			isa = PBXGroup;
			children = (
				4AB1E40F16A6DB9000D1395A /* defines.h */,
				4AB1E3FD169D92EF00D1395A /* main.cpp */,
				4AB1E3FF169D92EF00D1395A /* SystemCTest.1 */,
				4AB1E40E16A6D99400D1395A /* Ampel1.h */,
				4A916DE616AB406A00D1D349 /* Ampel2.h */,
				4A91E13516A94FFB00A6C167 /* Ampel3.h */,
				4A7EA86B16AD57DE00B06672 /* Ampel4.h */,
				4AA705C616AE8C170077377D /* Tramsignal.h */,
				4AA705C816AE9D6E0077377D /* RoterPfeil.h */,
				4A380BEB16AD79A7003A9235 /* Environment.h */,
				4A323DA916B298560006EBAA /* Makefile */,
				4AA1ECFF16B6C0B900FEB432 /* plotfile.p */,
			);
			path = SystemCTest;
			sourceTree = "<group>";
		};
/* End PBXGroup section */

/* Begin PBXNativeTarget section */
		4AB1E3F8169D92EF00D1395A /* SystemCTest */ = {
			isa = PBXNativeTarget;
			buildConfigurationList = 4AB1E403169D92EF00D1395A /* Build configuration list for PBXNativeTarget "SystemCTest" */;
			buildPhases = (
				4AB1E3F5169D92EF00D1395A /* Sources */,
				4AB1E3F6169D92EF00D1395A /* Frameworks */,
				4AB1E3F7169D92EF00D1395A /* CopyFiles */,
			);
			buildRules = (
			);
			dependencies = (
			);
			name = SystemCTest;
			productName = SystemCTest;
			productReference = 4AB1E3F9169D92EF00D1395A /* SystemCTest */;
			productType = "com.apple.product-type.tool";
		};
/* End PBXNativeTarget section */

/* Begin PBXProject section */
		4AB1E3F0169D92EF00D1395A /* Project object */ = {
			isa = PBXProject;
			attributes = {
				LastUpgradeCheck = 0450;
				ORGANIZATIONNAME = baroos;
			};
			buildConfigurationList = 4AB1E3F3169D92EF00D1395A /* Build configuration list for PBXProject "SystemCTest" */;
			compatibilityVersion = "Xcode 3.2";
			developmentRegion = English;
			hasScannedForEncodings = 0;
			knownRegions = (
				en,
			);
			mainGroup = 4AB1E3EE169D92EF00D1395A;
			productRefGroup = 4AB1E3FA169D92EF00D1395A /* Products */;
			projectDirPath = "";
			projectRoot = "";
			targets = (
				4AB1E3F8169D92EF00D1395A /* SystemCTest */,
			);
		};
/* End PBXProject section */

/* Begin PBXSourcesBuildPhase section */
		4AB1E3F5169D92EF00D1395A /* Sources */ = {
			isa = PBXSourcesBuildPhase;
			buildActionMask = 2147483647;
			files = (
				4AB1E3FE169D92EF00D1395A /* main.cpp in Sources */,
				4A323DAA16B298560006EBAA /* Makefile in Sources */,
				4AA1ED0016B6C0B900FEB432 /* plotfile.p in Sources */,
			);
			runOnlyForDeploymentPostprocessing = 0;
		};
/* End PBXSourcesBuildPhase section */

/* Begin XCBuildConfiguration section */
		4AB1E401169D92EF00D1395A /* Debug */ = {
			isa = XCBuildConfiguration;
			buildSettings = {
				ALWAYS_SEARCH_USER_PATHS = NO;
				ARCHS = "$(ARCHS_STANDARD_64_BIT)";
				CLANG_CXX_LANGUAGE_STANDARD = "gnu++0x";
				CLANG_CXX_LIBRARY = "libc++";
				CLANG_WARN_EMPTY_BODY = YES;
				CLANG_WARN__DUPLICATE_METHOD_MATCH = YES;
				COPY_PHASE_STRIP = NO;
				GCC_C_LANGUAGE_STANDARD = gnu99;
				GCC_DYNAMIC_NO_PIC = NO;
				GCC_ENABLE_OBJC_EXCEPTIONS = YES;
				GCC_OPTIMIZATION_LEVEL = 0;
				GCC_PREPROCESSOR_DEFINITIONS = (
					"DEBUG=1",
					"$(inherited)",
				);
				GCC_SYMBOLS_PRIVATE_EXTERN = NO;
				GCC_VERSION = com.apple.compilers.llvmgcc42;
				GCC_WARN_64_TO_32_BIT_CONVERSION = YES;
				GCC_WARN_ABOUT_RETURN_TYPE = YES;
				GCC_WARN_UNINITIALIZED_AUTOS = YES;
				GCC_WARN_UNUSED_VARIABLE = YES;
				MACOSX_DEPLOYMENT_TARGET = 10.8;
				ONLY_ACTIVE_ARCH = YES;
				OTHER_LDFLAGS = "-lsystemc";
				SDKROOT = macosx;
			};
			name = Debug;
		};
		4AB1E402169D92EF00D1395A /* Release */ = {
			isa = XCBuildConfiguration;
			buildSettings = {
				ALWAYS_SEARCH_USER_PATHS = NO;
				ARCHS = "$(ARCHS_STANDARD_64_BIT)";
				CLANG_CXX_LANGUAGE_STANDARD = "gnu++0x";
				CLANG_CXX_LIBRARY = "libc++";
				CLANG_WARN_EMPTY_BODY = YES;
				CLANG_WARN__DUPLICATE_METHOD_MATCH = YES;
				COPY_PHASE_STRIP = YES;
				DEBUG_INFORMATION_FORMAT = "dwarf-with-dsym";
				GCC_C_LANGUAGE_STANDARD = gnu99;
				GCC_ENABLE_OBJC_EXCEPTIONS = YES;
				GCC_VERSION = com.apple.compilers.llvmgcc42;
				GCC_WARN_64_TO_32_BIT_CONVERSION = YES;
				GCC_WARN_ABOUT_RETURN_TYPE = YES;
				GCC_WARN_UNINITIALIZED_AUTOS = YES;
				GCC_WARN_UNUSED_VARIABLE = YES;
				MACOSX_DEPLOYMENT_TARGET = 10.8;
				OTHER_LDFLAGS = "-lsystemc";
				SDKROOT = macosx;
			};
			name = Release;
		};
		4AB1E404169D92EF00D1395A /* Debug */ = {
			isa = XCBuildConfiguration;
			buildSettings = {
				HEADER_SEARCH_PATHS = /usr/local/include;
				LIBRARY_SEARCH_PATHS = (
					/usr/local/lib,
					"\"/usr/local/lib-macosx64\"",
				);
				MACOSX_DEPLOYMENT_TARGET = "";
				ONLY_ACTIVE_ARCH = NO;
				OTHER_LDFLAGS = "-lsystemc";
				PRODUCT_NAME = "$(TARGET_NAME)";
				VALID_ARCHS = "x86_64 i386";
			};
			name = Debug;
		};
		4AB1E405169D92EF00D1395A /* Release */ = {
			isa = XCBuildConfiguration;
			buildSettings = {
				HEADER_SEARCH_PATHS = /usr/local/include;
				LIBRARY_SEARCH_PATHS = (
					/usr/local/lib,
					"\"/usr/local/lib-macosx64\"",
				);
				MACOSX_DEPLOYMENT_TARGET = "";
				OTHER_LDFLAGS = "-lsystemc";
				PRODUCT_NAME = "$(TARGET_NAME)";
				VALID_ARCHS = "x86_64 i386";
			};
			name = Release;
		};
/* End XCBuildConfiguration section */

/* Begin XCConfigurationList section */
		4AB1E3F3169D92EF00D1395A /* Build configuration list for PBXProject "SystemCTest" */ = {
			isa = XCConfigurationList;
			buildConfigurations = (
				4AB1E401169D92EF00D1395A /* Debug */,
				4AB1E402169D92EF00D1395A /* Release */,
			);
			defaultConfigurationIsVisible = 0;
			defaultConfigurationName = Release;
		};
		4AB1E403169D92EF00D1395A /* Build configuration list for PBXNativeTarget "SystemCTest" */ = {
			isa = XCConfigurationList;
			buildConfigurations = (
				4AB1E404169D92EF00D1395A /* Debug */,
				4AB1E405169D92EF00D1395A /* Release */,
			);
			defaultConfigurationIsVisible = 0;
			defaultConfigurationName = Release;
		};
/* End XCConfigurationList section */
	};
	rootObject = 4AB1E3F0169D92EF00D1395A /* Project object */;
}
